PODS:
  - fiuu-mobile-xdk-cocoapods (3.33.8rc-2)

DEPENDENCIES:
  - fiuu-mobile-xdk-cocoapods (from `../`)

EXTERNAL SOURCES:
  fiuu-mobile-xdk-cocoapods:
    :path: "../"

SPEC CHECKSUMS:
  fiuu-mobile-xdk-cocoapods: 0094c08e46b3815387720ce741448f52ad19cc2e

PODFILE CHECKSUM: 5044249d310d807705c2be99f05db0f1a0c72e70

COCOAPODS: 1.14.3
